
Microsoft Visual Studio Solution File, Format Version 12.00
# Visual Studio Version 16
VisualStudioVersion = 16.0.30523.141
MinimumVisualStudioVersion = 10.0.40219.1
Project("{FAE04EC0-301F-11D3-BF4B-00C04F79EFBC}") = "05_ExReadDrive", "05_ExReadDrive\05_ExReadDrive.csproj", "{CEACA115-2681-4390-94A8-176CAC2C4118}"
EndProject
Global
	GlobalSection(SolutionConfigurationPlatforms) = preSolution
		Debug|Any CPU = Debug|Any CPU
		Release|Any CPU = Release|Any CPU
	EndGlobalSection
	GlobalSection(ProjectConfigurationPlatforms) = postSolution
		{CEACA115-2681-4390-94A8-176CAC2C4118}.Debug|Any CPU.ActiveCfg = Debug|Any CPU
		{CEACA115-2681-4390-94A8-176CAC2C4118}.Debug|Any CPU.Build.0 = Debug|Any CPU
		{CEACA115-2681-4390-94A8-176CAC2C4118}.Release|Any CPU.ActiveCfg = Release|Any CPU
		{CEACA115-2681-4390-94A8-176CAC2C4118}.Release|Any CPU.Build.0 = Release|Any CPU
	EndGlobalSection
	GlobalSection(SolutionProperties) = preSolution
		HideSolutionNode = FALSE
	EndGlobalSection
	GlobalSection(ExtensibilityGlobals) = postSolution
		SolutionGuid = {8FD0845D-A632-45B5-8A4E-C01543497813}
	EndGlobalSection
EndGlobal
