
Microsoft Visual Studio Solution File, Format Version 12.00
# Visual Studio Version 16
VisualStudioVersion = 16.0.30517.126
MinimumVisualStudioVersion = 10.0.40219.1
Project("{FAE04EC0-301F-11D3-BF4B-00C04F79EFBC}") = "07_Exercise", "07_Exercise\07_Exercise.csproj", "{D8B78FA8-08C8-478F-81EC-8FD33C6AC756}"
EndProject
Global
	GlobalSection(SolutionConfigurationPlatforms) = preSolution
		Debug|Any CPU = Debug|Any CPU
		Release|Any CPU = Release|Any CPU
	EndGlobalSection
	GlobalSection(ProjectConfigurationPlatforms) = postSolution
		{D8B78FA8-08C8-478F-81EC-8FD33C6AC756}.Debug|Any CPU.ActiveCfg = Debug|Any CPU
		{D8B78FA8-08C8-478F-81EC-8FD33C6AC756}.Debug|Any CPU.Build.0 = Debug|Any CPU
		{D8B78FA8-08C8-478F-81EC-8FD33C6AC756}.Release|Any CPU.ActiveCfg = Release|Any CPU
		{D8B78FA8-08C8-478F-81EC-8FD33C6AC756}.Release|Any CPU.Build.0 = Release|Any CPU
	EndGlobalSection
	GlobalSection(SolutionProperties) = preSolution
		HideSolutionNode = FALSE
	EndGlobalSection
	GlobalSection(ExtensibilityGlobals) = postSolution
		SolutionGuid = {39801A8E-D10B-4793-8461-4B967F2589C9}
	EndGlobalSection
EndGlobal
