
Microsoft Visual Studio Solution File, Format Version 12.00
# Visual Studio Version 16
VisualStudioVersion = 16.0.30523.141
MinimumVisualStudioVersion = 10.0.40219.1
Project("{FAE04EC0-301F-11D3-BF4B-00C04F79EFBC}") = "05_ExReadDoc", "05_ExReadDoc\05_ExReadDoc.csproj", "{098CF873-A671-44D5-ACD2-3FB25295AD0C}"
EndProject
Global
	GlobalSection(SolutionConfigurationPlatforms) = preSolution
		Debug|Any CPU = Debug|Any CPU
		Release|Any CPU = Release|Any CPU
	EndGlobalSection
	GlobalSection(ProjectConfigurationPlatforms) = postSolution
		{098CF873-A671-44D5-ACD2-3FB25295AD0C}.Debug|Any CPU.ActiveCfg = Debug|Any CPU
		{098CF873-A671-44D5-ACD2-3FB25295AD0C}.Debug|Any CPU.Build.0 = Debug|Any CPU
		{098CF873-A671-44D5-ACD2-3FB25295AD0C}.Release|Any CPU.ActiveCfg = Release|Any CPU
		{098CF873-A671-44D5-ACD2-3FB25295AD0C}.Release|Any CPU.Build.0 = Release|Any CPU
	EndGlobalSection
	GlobalSection(SolutionProperties) = preSolution
		HideSolutionNode = FALSE
	EndGlobalSection
	GlobalSection(ExtensibilityGlobals) = postSolution
		SolutionGuid = {7CCE8FBE-73C1-46A2-A421-0C3AFE91513A}
	EndGlobalSection
EndGlobal
