
Microsoft Visual Studio Solution File, Format Version 12.00
# Visual Studio Version 16
VisualStudioVersion = 16.0.30523.141
MinimumVisualStudioVersion = 10.0.40219.1
Project("{FAE04EC0-301F-11D3-BF4B-00C04F79EFBC}") = "05_ExReadFileInDoc", "05_ExReadFileInDoc\05_ExReadFileInDoc.csproj", "{53751B0A-B7E6-4441-88DF-0DA94A3853B6}"
EndProject
Global
	GlobalSection(SolutionConfigurationPlatforms) = preSolution
		Debug|Any CPU = Debug|Any CPU
		Release|Any CPU = Release|Any CPU
	EndGlobalSection
	GlobalSection(ProjectConfigurationPlatforms) = postSolution
		{53751B0A-B7E6-4441-88DF-0DA94A3853B6}.Debug|Any CPU.ActiveCfg = Debug|Any CPU
		{53751B0A-B7E6-4441-88DF-0DA94A3853B6}.Debug|Any CPU.Build.0 = Debug|Any CPU
		{53751B0A-B7E6-4441-88DF-0DA94A3853B6}.Release|Any CPU.ActiveCfg = Release|Any CPU
		{53751B0A-B7E6-4441-88DF-0DA94A3853B6}.Release|Any CPU.Build.0 = Release|Any CPU
	EndGlobalSection
	GlobalSection(SolutionProperties) = preSolution
		HideSolutionNode = FALSE
	EndGlobalSection
	GlobalSection(ExtensibilityGlobals) = postSolution
		SolutionGuid = {2E948F55-5661-48AA-8792-DFE1FC81B894}
	EndGlobalSection
EndGlobal
